
Microsoft Visual Studio Solution File, Format Version 12.00
# Visual Studio Version 17
VisualStudioVersion = 17.14.36221.1
MinimumVisualStudioVersion = 10.0.40219.1
Project("{FAE04EC0-301F-11D3-BF4B-00C04F79EFBC}") = "BarberShopMcpDemo.Shared", "BarberShopMcpDemo.Shared\BarberShopMcpDemo.Shared.csproj", "{33ADB6E7-BE13-574C-9C76-D5B9B232C8CC}"
EndProject
Project("{FAE04EC0-301F-11D3-BF4B-00C04F79EFBC}") = "BarberShopMcpDemo.McpServer", "BarberShopMcpDemo.McpServer\BarberShopMcpDemo.McpServer.csproj", "{BBB768F8-45C5-CB67-5B63-055035DF4AF2}"
EndProject
Project("{FAE04EC0-301F-11D3-BF4B-00C04F79EFBC}") = "BarberShopMcpDemo.Api", "BarberShopMcpDemo.Api\BarberShopMcpDemo.Api.csproj", "{6B91577F-67E8-CF3E-5C70-0A2FAEF618E9}"
EndProject
Global
	GlobalSection(SolutionConfigurationPlatforms) = preSolution
		Debug|Any CPU = Debug|Any CPU
		Release|Any CPU = Release|Any CPU
	EndGlobalSection
	GlobalSection(ProjectConfigurationPlatforms) = postSolution
		{33ADB6E7-BE13-574C-9C76-D5B9B232C8CC}.Debug|Any CPU.ActiveCfg = Debug|Any CPU
		{33ADB6E7-BE13-574C-9C76-D5B9B232C8CC}.Debug|Any CPU.Build.0 = Debug|Any CPU
		{33ADB6E7-BE13-574C-9C76-D5B9B232C8CC}.Release|Any CPU.ActiveCfg = Release|Any CPU
		{33ADB6E7-BE13-574C-9C76-D5B9B232C8CC}.Release|Any CPU.Build.0 = Release|Any CPU
		{BBB768F8-45C5-CB67-5B63-055035DF4AF2}.Debug|Any CPU.ActiveCfg = Debug|Any CPU
		{BBB768F8-45C5-CB67-5B63-055035DF4AF2}.Debug|Any CPU.Build.0 = Debug|Any CPU
		{BBB768F8-45C5-CB67-5B63-055035DF4AF2}.Release|Any CPU.ActiveCfg = Release|Any CPU
		{BBB768F8-45C5-CB67-5B63-055035DF4AF2}.Release|Any CPU.Build.0 = Release|Any CPU
		{6B91577F-67E8-CF3E-5C70-0A2FAEF618E9}.Debug|Any CPU.ActiveCfg = Debug|Any CPU
		{6B91577F-67E8-CF3E-5C70-0A2FAEF618E9}.Debug|Any CPU.Build.0 = Debug|Any CPU
		{6B91577F-67E8-CF3E-5C70-0A2FAEF618E9}.Release|Any CPU.ActiveCfg = Release|Any CPU
		{6B91577F-67E8-CF3E-5C70-0A2FAEF618E9}.Release|Any CPU.Build.0 = Release|Any CPU
	EndGlobalSection
	GlobalSection(SolutionProperties) = preSolution
		HideSolutionNode = FALSE
	EndGlobalSection
	GlobalSection(ExtensibilityGlobals) = postSolution
		SolutionGuid = {9C4F2021-39FC-41EE-A3C0-B9E6AF1A5B4E}
	EndGlobalSection
EndGlobal
